{
    "name": "frontendmentor-sunnyside-agency-landing-page",
    "version": "1.0.0",
    "lockfileVersion": 2,
    "requires": true,
    "packages": {
        "": {
            "name": "frontendmentor-sunnyside-agency-landing-page",
            "version": "1.0.0",
            "license": "ISC",
            "devDependencies": {
                "husky": "^7.0.4",
                "prettier": "2.5.1",
                "prettier-plugin-tailwindcss": "^0.1.7"
            }
        },
        "node_modules/husky": {
            "version": "7.0.4",
            "resolved": "https://registry.npmjs.org/husky/-/husky-7.0.4.tgz",
            "integrity": "sha512-vbaCKN2QLtP/vD4yvs6iz6hBEo6wkSzs8HpRah1Z6aGmF2KW5PdYuAd7uX5a+OyBZHBhd+TFLqgjUgytQr4RvQ==",
            "dev": true,
            "bin": {
                "husky": "lib/bin.js"
            },
            "engines": {
                "node": ">=12"
            },
            "funding": {
                "url": "https://github.com/sponsors/typicode"
            }
        },
        "node_modules/prettier": {
            "version": "2.5.1",
            "resolved": "https://registry.npmjs.org/prettier/-/prettier-2.5.1.tgz",
            "integrity": "sha512-vBZcPRUR5MZJwoyi3ZoyQlc1rXeEck8KgeC9AwwOn+exuxLxq5toTRDTSaVrXHxelDMHy9zlicw8u66yxoSUFg==",
            "dev": true,
            "bin": {
                "prettier": "bin-prettier.js"
            },
            "engines": {
                "node": ">=10.13.0"
            }
        },
        "node_modules/prettier-plugin-tailwindcss": {
            "version": "0.1.7",
            "resolved": "https://registry.npmjs.org/prettier-plugin-tailwindcss/-/prettier-plugin-tailwindcss-0.1.7.tgz",
            "integrity": "sha512-tmBr45hCLuit2Cz9Pwow0/Jl1bGivYGsfcF29O+3sKcE++ybjz9dfie565S3ZsvAeV8uYer9SRMBWDsHPly2Lg==",
            "dev": true,
            "engines": {
                "node": ">=12.17.0"
            },
            "peerDependencies": {
                "prettier": ">=2.2.0"
            }
        }
    },
    "dependencies": {
        "husky": {
            "version": "7.0.4",
            "resolved": "https://registry.npmjs.org/husky/-/husky-7.0.4.tgz",
            "integrity": "sha512-vbaCKN2QLtP/vD4yvs6iz6hBEo6wkSzs8HpRah1Z6aGmF2KW5PdYuAd7uX5a+OyBZHBhd+TFLqgjUgytQr4RvQ==",
            "dev": true
        },
        "prettier": {
            "version": "2.5.1",
            "resolved": "https://registry.npmjs.org/prettier/-/prettier-2.5.1.tgz",
            "integrity": "sha512-vBZcPRUR5MZJwoyi3ZoyQlc1rXeEck8KgeC9AwwOn+exuxLxq5toTRDTSaVrXHxelDMHy9zlicw8u66yxoSUFg==",
            "dev": true
        },
        "prettier-plugin-tailwindcss": {
            "version": "0.1.7",
            "resolved": "https://registry.npmjs.org/prettier-plugin-tailwindcss/-/prettier-plugin-tailwindcss-0.1.7.tgz",
            "integrity": "sha512-tmBr45hCLuit2Cz9Pwow0/Jl1bGivYGsfcF29O+3sKcE++ybjz9dfie565S3ZsvAeV8uYer9SRMBWDsHPly2Lg==",
            "dev": true,
            "requires": {}
        }
    }
}
